
Microsoft Visual Studio Solution File, Format Version 12.00
# Visual Studio Version 16
VisualStudioVersion = 16.0.34301.259
MinimumVisualStudioVersion = 10.0.40219.1
Project("{8BC9CEB8-8B4A-11D0-8D11-00A0C91BC942}") = "01 数组", "01 数组\01 数组.vcxproj", "{DBC50B24-941F-4D06-86A0-C46A2E6B3BDD}"
EndProject
Project("{8BC9CEB8-8B4A-11D0-8D11-00A0C91BC942}") = "02 链表", "02 链表\02 链表.vcxproj", "{92971B87-03ED-4225-A17D-8EC8A0F528E0}"
EndProject
Project("{8BC9CEB8-8B4A-11D0-8D11-00A0C91BC942}") = "03 单向循环链表", "03 单向循环链表\03 单向循环链表.vcxproj", "{CC821FFE-6F51-4F48-9607-A4915D550CF8}"
EndProject
Project("{8BC9CEB8-8B4A-11D0-8D11-00A0C91BC942}") = "17 布隆过滤器", "23 布隆过滤器\23 布隆过滤器.vcxproj", "{D529BB8E-8939-4BEF-BF04-D4CED02F03BD}"
EndProject
Project("{8BC9CEB8-8B4A-11D0-8D11-00A0C91BC942}") = "07 二分搜索算法", "二分搜索算法\二分搜索算法.vcxproj", "{C7D011A6-2A0F-4445-959B-8733573CDAE5}"
EndProject
Project("{8BC9CEB8-8B4A-11D0-8D11-00A0C91BC942}") = "08 排序算法", "08 排序算法\08 排序算法.vcxproj", "{9F15D1F2-9117-4035-8033-7A188363D6CA}"
EndProject
Project("{8BC9CEB8-8B4A-11D0-8D11-00A0C91BC942}") = "09 快速排序", "09 快速排序\09 快速排序.vcxproj", "{034C24A4-35B7-4064-AA11-CFB5F9C7CA2E}"
EndProject
Project("{8BC9CEB8-8B4A-11D0-8D11-00A0C91BC942}") = "10 归并排序", "10 归并排序\10 归并排序.vcxproj", "{FA37DA61-53E0-4C7B-894C-041431115583}"
EndProject
Project("{8BC9CEB8-8B4A-11D0-8D11-00A0C91BC942}") = "11 二叉堆", "11 堆排序\11 堆排序.vcxproj", "{BD2D1B88-7611-4141-A715-35FCEC0B49E3}"
EndProject
Project("{8BC9CEB8-8B4A-11D0-8D11-00A0C91BC942}") = "12 堆排序", "12 堆排序\12 堆排序.vcxproj", "{7FB5EBCF-D111-4829-A9F4-482BD4D85A59}"
EndProject
Project("{8BC9CEB8-8B4A-11D0-8D11-00A0C91BC942}") = "13 排序算法常见问题", "13 排序算法常见问题\13 排序算法常见问题.vcxproj", "{D7FF9592-8B8B-4000-8268-3AD99E3FBE34}"
EndProject
Project("{8BC9CEB8-8B4A-11D0-8D11-00A0C91BC942}") = "14 哈希表", "14 哈希表\14 哈希表.vcxproj", "{2699F0F0-F6D5-44D9-9FEA-0BC9B2428057}"
EndProject
Project("{8BC9CEB8-8B4A-11D0-8D11-00A0C91BC942}") = "15 大数据查重", "15 大数据查重\15 大数据查重.vcxproj", "{8E6C843E-32B8-44CF-A278-2AB29CCD4373}"
EndProject
Project("{8BC9CEB8-8B4A-11D0-8D11-00A0C91BC942}") = "16 大数据查重-位图", "16 大数据查重-位图\16 大数据查重-位图.vcxproj", "{933F4612-F278-4F60-B396-212F4DEB05FC}"
EndProject
Project("{8BC9CEB8-8B4A-11D0-8D11-00A0C91BC942}") = "18 大数据top k-大小根堆", "18 大数据top k-大小根堆\18 大数据top k-大小根堆.vcxproj", "{20972C81-2550-4D7B-B88F-FA57E3619F9E}"
EndProject
Project("{8BC9CEB8-8B4A-11D0-8D11-00A0C91BC942}") = "19 大数据top k-快排分割", "19 大数据top k-快排分割\19 大数据top k-快排分割.vcxproj", "{F72AEA0E-3D46-4466-909C-FF6ABE67A8E9}"
EndProject
Global
	GlobalSection(SolutionConfigurationPlatforms) = preSolution
		Debug|x64 = Debug|x64
		Debug|x86 = Debug|x86
		Release|x64 = Release|x64
		Release|x86 = Release|x86
	EndGlobalSection
	GlobalSection(ProjectConfigurationPlatforms) = postSolution
		{DBC50B24-941F-4D06-86A0-C46A2E6B3BDD}.Debug|x64.ActiveCfg = Debug|x64
		{DBC50B24-941F-4D06-86A0-C46A2E6B3BDD}.Debug|x64.Build.0 = Debug|x64
		{DBC50B24-941F-4D06-86A0-C46A2E6B3BDD}.Debug|x86.ActiveCfg = Debug|Win32
		{DBC50B24-941F-4D06-86A0-C46A2E6B3BDD}.Debug|x86.Build.0 = Debug|Win32
		{DBC50B24-941F-4D06-86A0-C46A2E6B3BDD}.Release|x64.ActiveCfg = Release|x64
		{DBC50B24-941F-4D06-86A0-C46A2E6B3BDD}.Release|x64.Build.0 = Release|x64
		{DBC50B24-941F-4D06-86A0-C46A2E6B3BDD}.Release|x86.ActiveCfg = Release|Win32
		{DBC50B24-941F-4D06-86A0-C46A2E6B3BDD}.Release|x86.Build.0 = Release|Win32
		{92971B87-03ED-4225-A17D-8EC8A0F528E0}.Debug|x64.ActiveCfg = Debug|x64
		{92971B87-03ED-4225-A17D-8EC8A0F528E0}.Debug|x64.Build.0 = Debug|x64
		{92971B87-03ED-4225-A17D-8EC8A0F528E0}.Debug|x86.ActiveCfg = Debug|Win32
		{92971B87-03ED-4225-A17D-8EC8A0F528E0}.Debug|x86.Build.0 = Debug|Win32
		{92971B87-03ED-4225-A17D-8EC8A0F528E0}.Release|x64.ActiveCfg = Release|x64
		{92971B87-03ED-4225-A17D-8EC8A0F528E0}.Release|x64.Build.0 = Release|x64
		{92971B87-03ED-4225-A17D-8EC8A0F528E0}.Release|x86.ActiveCfg = Release|Win32
		{92971B87-03ED-4225-A17D-8EC8A0F528E0}.Release|x86.Build.0 = Release|Win32
		{CC821FFE-6F51-4F48-9607-A4915D550CF8}.Debug|x64.ActiveCfg = Debug|x64
		{CC821FFE-6F51-4F48-9607-A4915D550CF8}.Debug|x64.Build.0 = Debug|x64
		{CC821FFE-6F51-4F48-9607-A4915D550CF8}.Debug|x86.ActiveCfg = Debug|Win32
		{CC821FFE-6F51-4F48-9607-A4915D550CF8}.Debug|x86.Build.0 = Debug|Win32
		{CC821FFE-6F51-4F48-9607-A4915D550CF8}.Release|x64.ActiveCfg = Release|x64
		{CC821FFE-6F51-4F48-9607-A4915D550CF8}.Release|x64.Build.0 = Release|x64
		{CC821FFE-6F51-4F48-9607-A4915D550CF8}.Release|x86.ActiveCfg = Release|Win32
		{CC821FFE-6F51-4F48-9607-A4915D550CF8}.Release|x86.Build.0 = Release|Win32
		{D529BB8E-8939-4BEF-BF04-D4CED02F03BD}.Debug|x64.ActiveCfg = Debug|x64
		{D529BB8E-8939-4BEF-BF04-D4CED02F03BD}.Debug|x64.Build.0 = Debug|x64
		{D529BB8E-8939-4BEF-BF04-D4CED02F03BD}.Debug|x86.ActiveCfg = Debug|Win32
		{D529BB8E-8939-4BEF-BF04-D4CED02F03BD}.Debug|x86.Build.0 = Debug|Win32
		{D529BB8E-8939-4BEF-BF04-D4CED02F03BD}.Release|x64.ActiveCfg = Release|x64
		{D529BB8E-8939-4BEF-BF04-D4CED02F03BD}.Release|x64.Build.0 = Release|x64
		{D529BB8E-8939-4BEF-BF04-D4CED02F03BD}.Release|x86.ActiveCfg = Release|Win32
		{D529BB8E-8939-4BEF-BF04-D4CED02F03BD}.Release|x86.Build.0 = Release|Win32
		{C7D011A6-2A0F-4445-959B-8733573CDAE5}.Debug|x64.ActiveCfg = Debug|x64
		{C7D011A6-2A0F-4445-959B-8733573CDAE5}.Debug|x64.Build.0 = Debug|x64
		{C7D011A6-2A0F-4445-959B-8733573CDAE5}.Debug|x86.ActiveCfg = Debug|Win32
		{C7D011A6-2A0F-4445-959B-8733573CDAE5}.Debug|x86.Build.0 = Debug|Win32
		{C7D011A6-2A0F-4445-959B-8733573CDAE5}.Release|x64.ActiveCfg = Release|x64
		{C7D011A6-2A0F-4445-959B-8733573CDAE5}.Release|x64.Build.0 = Release|x64
		{C7D011A6-2A0F-4445-959B-8733573CDAE5}.Release|x86.ActiveCfg = Release|Win32
		{C7D011A6-2A0F-4445-959B-8733573CDAE5}.Release|x86.Build.0 = Release|Win32
		{9F15D1F2-9117-4035-8033-7A188363D6CA}.Debug|x64.ActiveCfg = Debug|x64
		{9F15D1F2-9117-4035-8033-7A188363D6CA}.Debug|x64.Build.0 = Debug|x64
		{9F15D1F2-9117-4035-8033-7A188363D6CA}.Debug|x86.ActiveCfg = Debug|Win32
		{9F15D1F2-9117-4035-8033-7A188363D6CA}.Debug|x86.Build.0 = Debug|Win32
		{9F15D1F2-9117-4035-8033-7A188363D6CA}.Release|x64.ActiveCfg = Release|x64
		{9F15D1F2-9117-4035-8033-7A188363D6CA}.Release|x64.Build.0 = Release|x64
		{9F15D1F2-9117-4035-8033-7A188363D6CA}.Release|x86.ActiveCfg = Release|Win32
		{9F15D1F2-9117-4035-8033-7A188363D6CA}.Release|x86.Build.0 = Release|Win32
		{034C24A4-35B7-4064-AA11-CFB5F9C7CA2E}.Debug|x64.ActiveCfg = Debug|x64
		{034C24A4-35B7-4064-AA11-CFB5F9C7CA2E}.Debug|x64.Build.0 = Debug|x64
		{034C24A4-35B7-4064-AA11-CFB5F9C7CA2E}.Debug|x86.ActiveCfg = Debug|Win32
		{034C24A4-35B7-4064-AA11-CFB5F9C7CA2E}.Debug|x86.Build.0 = Debug|Win32
		{034C24A4-35B7-4064-AA11-CFB5F9C7CA2E}.Release|x64.ActiveCfg = Release|x64
		{034C24A4-35B7-4064-AA11-CFB5F9C7CA2E}.Release|x64.Build.0 = Release|x64
		{034C24A4-35B7-4064-AA11-CFB5F9C7CA2E}.Release|x86.ActiveCfg = Release|Win32
		{034C24A4-35B7-4064-AA11-CFB5F9C7CA2E}.Release|x86.Build.0 = Release|Win32
		{FA37DA61-53E0-4C7B-894C-041431115583}.Debug|x64.ActiveCfg = Debug|x64
		{FA37DA61-53E0-4C7B-894C-041431115583}.Debug|x64.Build.0 = Debug|x64
		{FA37DA61-53E0-4C7B-894C-041431115583}.Debug|x86.ActiveCfg = Debug|Win32
		{FA37DA61-53E0-4C7B-894C-041431115583}.Debug|x86.Build.0 = Debug|Win32
		{FA37DA61-53E0-4C7B-894C-041431115583}.Release|x64.ActiveCfg = Release|x64
		{FA37DA61-53E0-4C7B-894C-041431115583}.Release|x64.Build.0 = Release|x64
		{FA37DA61-53E0-4C7B-894C-041431115583}.Release|x86.ActiveCfg = Release|Win32
		{FA37DA61-53E0-4C7B-894C-041431115583}.Release|x86.Build.0 = Release|Win32
		{BD2D1B88-7611-4141-A715-35FCEC0B49E3}.Debug|x64.ActiveCfg = Debug|x64
		{BD2D1B88-7611-4141-A715-35FCEC0B49E3}.Debug|x64.Build.0 = Debug|x64
		{BD2D1B88-7611-4141-A715-35FCEC0B49E3}.Debug|x86.ActiveCfg = Debug|Win32
		{BD2D1B88-7611-4141-A715-35FCEC0B49E3}.Debug|x86.Build.0 = Debug|Win32
		{BD2D1B88-7611-4141-A715-35FCEC0B49E3}.Release|x64.ActiveCfg = Release|x64
		{BD2D1B88-7611-4141-A715-35FCEC0B49E3}.Release|x64.Build.0 = Release|x64
		{BD2D1B88-7611-4141-A715-35FCEC0B49E3}.Release|x86.ActiveCfg = Release|Win32
		{BD2D1B88-7611-4141-A715-35FCEC0B49E3}.Release|x86.Build.0 = Release|Win32
		{7FB5EBCF-D111-4829-A9F4-482BD4D85A59}.Debug|x64.ActiveCfg = Debug|x64
		{7FB5EBCF-D111-4829-A9F4-482BD4D85A59}.Debug|x64.Build.0 = Debug|x64
		{7FB5EBCF-D111-4829-A9F4-482BD4D85A59}.Debug|x86.ActiveCfg = Debug|Win32
		{7FB5EBCF-D111-4829-A9F4-482BD4D85A59}.Debug|x86.Build.0 = Debug|Win32
		{7FB5EBCF-D111-4829-A9F4-482BD4D85A59}.Release|x64.ActiveCfg = Release|x64
		{7FB5EBCF-D111-4829-A9F4-482BD4D85A59}.Release|x64.Build.0 = Release|x64
		{7FB5EBCF-D111-4829-A9F4-482BD4D85A59}.Release|x86.ActiveCfg = Release|Win32
		{7FB5EBCF-D111-4829-A9F4-482BD4D85A59}.Release|x86.Build.0 = Release|Win32
		{D7FF9592-8B8B-4000-8268-3AD99E3FBE34}.Debug|x64.ActiveCfg = Debug|x64
		{D7FF9592-8B8B-4000-8268-3AD99E3FBE34}.Debug|x64.Build.0 = Debug|x64
		{D7FF9592-8B8B-4000-8268-3AD99E3FBE34}.Debug|x86.ActiveCfg = Debug|Win32
		{D7FF9592-8B8B-4000-8268-3AD99E3FBE34}.Debug|x86.Build.0 = Debug|Win32
		{D7FF9592-8B8B-4000-8268-3AD99E3FBE34}.Release|x64.ActiveCfg = Release|x64
		{D7FF9592-8B8B-4000-8268-3AD99E3FBE34}.Release|x64.Build.0 = Release|x64
		{D7FF9592-8B8B-4000-8268-3AD99E3FBE34}.Release|x86.ActiveCfg = Release|Win32
		{D7FF9592-8B8B-4000-8268-3AD99E3FBE34}.Release|x86.Build.0 = Release|Win32
		{2699F0F0-F6D5-44D9-9FEA-0BC9B2428057}.Debug|x64.ActiveCfg = Debug|x64
		{2699F0F0-F6D5-44D9-9FEA-0BC9B2428057}.Debug|x64.Build.0 = Debug|x64
		{2699F0F0-F6D5-44D9-9FEA-0BC9B2428057}.Debug|x86.ActiveCfg = Debug|Win32
		{2699F0F0-F6D5-44D9-9FEA-0BC9B2428057}.Debug|x86.Build.0 = Debug|Win32
		{2699F0F0-F6D5-44D9-9FEA-0BC9B2428057}.Release|x64.ActiveCfg = Release|x64
		{2699F0F0-F6D5-44D9-9FEA-0BC9B2428057}.Release|x64.Build.0 = Release|x64
		{2699F0F0-F6D5-44D9-9FEA-0BC9B2428057}.Release|x86.ActiveCfg = Release|Win32
		{2699F0F0-F6D5-44D9-9FEA-0BC9B2428057}.Release|x86.Build.0 = Release|Win32
		{8E6C843E-32B8-44CF-A278-2AB29CCD4373}.Debug|x64.ActiveCfg = Debug|x64
		{8E6C843E-32B8-44CF-A278-2AB29CCD4373}.Debug|x64.Build.0 = Debug|x64
		{8E6C843E-32B8-44CF-A278-2AB29CCD4373}.Debug|x86.ActiveCfg = Debug|Win32
		{8E6C843E-32B8-44CF-A278-2AB29CCD4373}.Debug|x86.Build.0 = Debug|Win32
		{8E6C843E-32B8-44CF-A278-2AB29CCD4373}.Release|x64.ActiveCfg = Release|x64
		{8E6C843E-32B8-44CF-A278-2AB29CCD4373}.Release|x64.Build.0 = Release|x64
		{8E6C843E-32B8-44CF-A278-2AB29CCD4373}.Release|x86.ActiveCfg = Release|Win32
		{8E6C843E-32B8-44CF-A278-2AB29CCD4373}.Release|x86.Build.0 = Release|Win32
		{933F4612-F278-4F60-B396-212F4DEB05FC}.Debug|x64.ActiveCfg = Debug|x64
		{933F4612-F278-4F60-B396-212F4DEB05FC}.Debug|x64.Build.0 = Debug|x64
		{933F4612-F278-4F60-B396-212F4DEB05FC}.Debug|x86.ActiveCfg = Debug|Win32
		{933F4612-F278-4F60-B396-212F4DEB05FC}.Debug|x86.Build.0 = Debug|Win32
		{933F4612-F278-4F60-B396-212F4DEB05FC}.Release|x64.ActiveCfg = Release|x64
		{933F4612-F278-4F60-B396-212F4DEB05FC}.Release|x64.Build.0 = Release|x64
		{933F4612-F278-4F60-B396-212F4DEB05FC}.Release|x86.ActiveCfg = Release|Win32
		{933F4612-F278-4F60-B396-212F4DEB05FC}.Release|x86.Build.0 = Release|Win32
		{20972C81-2550-4D7B-B88F-FA57E3619F9E}.Debug|x64.ActiveCfg = Debug|x64
		{20972C81-2550-4D7B-B88F-FA57E3619F9E}.Debug|x64.Build.0 = Debug|x64
		{20972C81-2550-4D7B-B88F-FA57E3619F9E}.Debug|x86.ActiveCfg = Debug|Win32
		{20972C81-2550-4D7B-B88F-FA57E3619F9E}.Debug|x86.Build.0 = Debug|Win32
		{20972C81-2550-4D7B-B88F-FA57E3619F9E}.Release|x64.ActiveCfg = Release|x64
		{20972C81-2550-4D7B-B88F-FA57E3619F9E}.Release|x64.Build.0 = Release|x64
		{20972C81-2550-4D7B-B88F-FA57E3619F9E}.Release|x86.ActiveCfg = Release|Win32
		{20972C81-2550-4D7B-B88F-FA57E3619F9E}.Release|x86.Build.0 = Release|Win32
		{F72AEA0E-3D46-4466-909C-FF6ABE67A8E9}.Debug|x64.ActiveCfg = Debug|x64
		{F72AEA0E-3D46-4466-909C-FF6ABE67A8E9}.Debug|x64.Build.0 = Debug|x64
		{F72AEA0E-3D46-4466-909C-FF6ABE67A8E9}.Debug|x86.ActiveCfg = Debug|Win32
		{F72AEA0E-3D46-4466-909C-FF6ABE67A8E9}.Debug|x86.Build.0 = Debug|Win32
		{F72AEA0E-3D46-4466-909C-FF6ABE67A8E9}.Release|x64.ActiveCfg = Release|x64
		{F72AEA0E-3D46-4466-909C-FF6ABE67A8E9}.Release|x64.Build.0 = Release|x64
		{F72AEA0E-3D46-4466-909C-FF6ABE67A8E9}.Release|x86.ActiveCfg = Release|Win32
		{F72AEA0E-3D46-4466-909C-FF6ABE67A8E9}.Release|x86.Build.0 = Release|Win32
	EndGlobalSection
	GlobalSection(SolutionProperties) = preSolution
		HideSolutionNode = FALSE
	EndGlobalSection
	GlobalSection(ExtensibilityGlobals) = postSolution
		SolutionGuid = {C72ADAD3-3BAF-4422-92BB-E02CEEC6D29B}
	EndGlobalSection
EndGlobal
